// !$*UTF8*$!
{
	archiveVersion = 1;
	classes = {
	};
	objectVersion = 48;
	objects = {

/* Begin PBXBuildFile section */
		E638050E20901B7F00BB8B90 /* AppDelegate.swift in Sources */ = {isa = PBXBuildFile; fileRef = E638050D20901B7F00BB8B90 /* AppDelegate.swift */; };
		E638051020901B7F00BB8B90 /* ViewController.swift in Sources */ = {isa = PBXBuildFile; fileRef = E638050F20901B7F00BB8B90 /* ViewController.swift */; };
		E638051320901B7F00BB8B90 /* Main.storyboard in Resources */ = {isa = PBXBuildFile; fileRef = E638051120901B7F00BB8B90 /* Main.storyboard */; };
		E638051520901B7F00BB8B90 /* Assets.xcassets in Resources */ = {isa = PBXBuildFile; fileRef = E638051420901B7F00BB8B90 /* Assets.xcassets */; };
		E638051820901B7F00BB8B90 /* LaunchScreen.storyboard in Resources */ = {isa = PBXBuildFile; fileRef = E638051620901B7F00BB8B90 /* LaunchScreen.storyboard */; };
		E638052320901B7F00BB8B90 /* ContactsTests.swift in Sources */ = {isa = PBXBuildFile; fileRef = E638052220901B7F00BB8B90 /* ContactsTests.swift */; };
		E638052E20901B7F00BB8B90 /* ContactsUITests.swift in Sources */ = {isa = PBXBuildFile; fileRef = E638052D20901B7F00BB8B90 /* ContactsUITests.swift */; };
/* End PBXBuildFile section */

/* Begin PBXContainerItemProxy section */
		E638051F20901B7F00BB8B90 /* PBXContainerItemProxy */ = {
			isa = PBXContainerItemProxy;
			containerPortal = E638050220901B7F00BB8B90 /* Project object */;
			proxyType = 1;
			remoteGlobalIDString = E638050920901B7F00BB8B90;
			remoteInfo = Contacts;
		};
		E638052A20901B7F00BB8B90 /* PBXContainerItemProxy */ = {
			isa = PBXContainerItemProxy;
			containerPortal = E638050220901B7F00BB8B90 /* Project object */;
			proxyType = 1;
			remoteGlobalIDString = E638050920901B7F00BB8B90;
			remoteInfo = Contacts;
		};
/* End PBXContainerItemProxy section */

/* Begin PBXFileReference section */
		E638050A20901B7F00BB8B90 /* Contacts.app */ = {isa = PBXFileReference; explicitFileType = wrapper.application; includeInIndex = 0; path = Contacts.app; sourceTree = BUILT_PRODUCTS_DIR; };
		E638050D20901B7F00BB8B90 /* AppDelegate.swift */ = {isa = PBXFileReference; lastKnownFileType = sourcecode.swift; path = AppDelegate.swift; sourceTree = "<group>"; };
		E638050F20901B7F00BB8B90 /* ViewController.swift */ = {isa = PBXFileReference; lastKnownFileType = sourcecode.swift; path = ViewController.swift; sourceTree = "<group>"; };
		E638051220901B7F00BB8B90 /* Base */ = {isa = PBXFileReference; lastKnownFileType = file.storyboard; name = Base; path = Base.lproj/Main.storyboard; sourceTree = "<group>"; };
		E638051420901B7F00BB8B90 /* Assets.xcassets */ = {isa = PBXFileReference; lastKnownFileType = folder.assetcatalog; path = Assets.xcassets; sourceTree = "<group>"; };
		E638051720901B7F00BB8B90 /* Base */ = {isa = PBXFileReference; lastKnownFileType = file.storyboard; name = Base; path = Base.lproj/LaunchScreen.storyboard; sourceTree = "<group>"; };
		E638051920901B7F00BB8B90 /* Info.plist */ = {isa = PBXFileReference; lastKnownFileType = text.plist.xml; path = Info.plist; sourceTree = "<group>"; };
		E638051E20901B7F00BB8B90 /* ContactsTests.xctest */ = {isa = PBXFileReference; explicitFileType = wrapper.cfbundle; includeInIndex = 0; path = ContactsTests.xctest; sourceTree = BUILT_PRODUCTS_DIR; };
		E638052220901B7F00BB8B90 /* ContactsTests.swift */ = {isa = PBXFileReference; lastKnownFileType = sourcecode.swift; path = ContactsTests.swift; sourceTree = "<group>"; };
		E638052420901B7F00BB8B90 /* Info.plist */ = {isa = PBXFileReference; lastKnownFileType = text.plist.xml; path = Info.plist; sourceTree = "<group>"; };
		E638052920901B7F00BB8B90 /* ContactsUITests.xctest */ = {isa = PBXFileReference; explicitFileType = wrapper.cfbundle; includeInIndex = 0; path = ContactsUITests.xctest; sourceTree = BUILT_PRODUCTS_DIR; };
		E638052D20901B7F00BB8B90 /* ContactsUITests.swift */ = {isa = PBXFileReference; lastKnownFileType = sourcecode.swift; path = ContactsUITests.swift; sourceTree = "<group>"; };
		E638052F20901B7F00BB8B90 /* Info.plist */ = {isa = PBXFileReference; lastKnownFileType = text.plist.xml; path = Info.plist; sourceTree = "<group>"; };
/* End PBXFileReference section */

/* Begin PBXFrameworksBuildPhase section */
		E638050720901B7F00BB8B90 /* Frameworks */ = {
			isa = PBXFrameworksBuildPhase;
			buildActionMask = 2147483647;
			files = (
			);
			runOnlyForDeploymentPostprocessing = 0;
		};
		E638051B20901B7F00BB8B90 /* Frameworks */ = {
			isa = PBXFrameworksBuildPhase;
			buildActionMask = 2147483647;
			files = (
			);
			runOnlyForDeploymentPostprocessing = 0;
		};
		E638052620901B7F00BB8B90 /* Frameworks */ = {
			isa = PBXFrameworksBuildPhase;
			buildActionMask = 2147483647;
			files = (
			);
			runOnlyForDeploymentPostprocessing = 0;
		};
/* End PBXFrameworksBuildPhase section */

/* Begin PBXGroup section */
		E638050120901B7F00BB8B90 = {
			isa = PBXGroup;
			children = (
				E638050C20901B7F00BB8B90 /* Contacts */,
				E638052120901B7F00BB8B90 /* ContactsTests */,
				E638052C20901B7F00BB8B90 /* ContactsUITests */,
				E638050B20901B7F00BB8B90 /* Products */,
			);
			sourceTree = "<group>";
		};
		E638050B20901B7F00BB8B90 /* Products */ = {
			isa = PBXGroup;
			children = (
				E638050A20901B7F00BB8B90 /* Contacts.app */,
				E638051E20901B7F00BB8B90 /* ContactsTests.xctest */,
				E638052920901B7F00BB8B90 /* ContactsUITests.xctest */,
			);
			name = Products;
			sourceTree = "<group>";
		};
		E638050C20901B7F00BB8B90 /* Contacts */ = {
			isa = PBXGroup;
			children = (
				E638050D20901B7F00BB8B90 /* AppDelegate.swift */,
				E638050F20901B7F00BB8B90 /* ViewController.swift */,
				E638051120901B7F00BB8B90 /* Main.storyboard */,
				E638051420901B7F00BB8B90 /* Assets.xcassets */,
				E638051620901B7F00BB8B90 /* LaunchScreen.storyboard */,
				E638051920901B7F00BB8B90 /* Info.plist */,
			);
			path = Contacts;
			sourceTree = "<group>";
		};
		E638052120901B7F00BB8B90 /* ContactsTests */ = {
			isa = PBXGroup;
			children = (
				E638052220901B7F00BB8B90 /* ContactsTests.swift */,
				E638052420901B7F00BB8B90 /* Info.plist */,
			);
			path = ContactsTests;
			sourceTree = "<group>";
		};
		E638052C20901B7F00BB8B90 /* ContactsUITests */ = {
			isa = PBXGroup;
			children = (
				E638052D20901B7F00BB8B90 /* ContactsUITests.swift */,
				E638052F20901B7F00BB8B90 /* Info.plist */,
			);
			path = ContactsUITests;
			sourceTree = "<group>";
		};
/* End PBXGroup section */

/* Begin PBXNativeTarget section */
		E638050920901B7F00BB8B90 /* Contacts */ = {
			isa = PBXNativeTarget;
			buildConfigurationList = E638053220901B7F00BB8B90 /* Build configuration list for PBXNativeTarget "Contacts" */;
			buildPhases = (
				E638050620901B7F00BB8B90 /* Sources */,
				E638050720901B7F00BB8B90 /* Frameworks */,
				E638050820901B7F00BB8B90 /* Resources */,
			);
			buildRules = (
			);
			dependencies = (
			);
			name = Contacts;
			productName = Contacts;
			productReference = E638050A20901B7F00BB8B90 /* Contacts.app */;
			productType = "com.apple.product-type.application";
		};
		E638051D20901B7F00BB8B90 /* ContactsTests */ = {
			isa = PBXNativeTarget;
			buildConfigurationList = E638053520901B7F00BB8B90 /* Build configuration list for PBXNativeTarget "ContactsTests" */;
			buildPhases = (
				E638051A20901B7F00BB8B90 /* Sources */,
				E638051B20901B7F00BB8B90 /* Frameworks */,
				E638051C20901B7F00BB8B90 /* Resources */,
			);
			buildRules = (
			);
			dependencies = (
				E638052020901B7F00BB8B90 /* PBXTargetDependency */,
			);
			name = ContactsTests;
			productName = ContactsTests;
			productReference = E638051E20901B7F00BB8B90 /* ContactsTests.xctest */;
			productType = "com.apple.product-type.bundle.unit-test";
		};
		E638052820901B7F00BB8B90 /* ContactsUITests */ = {
			isa = PBXNativeTarget;
			buildConfigurationList = E638053820901B7F00BB8B90 /* Build configuration list for PBXNativeTarget "ContactsUITests" */;
			buildPhases = (
				E638052520901B7F00BB8B90 /* Sources */,
				E638052620901B7F00BB8B90 /* Frameworks */,
				E638052720901B7F00BB8B90 /* Resources */,
			);
			buildRules = (
			);
			dependencies = (
				E638052B20901B7F00BB8B90 /* PBXTargetDependency */,
			);
			name = ContactsUITests;
			productName = ContactsUITests;
			productReference = E638052920901B7F00BB8B90 /* ContactsUITests.xctest */;
			productType = "com.apple.product-type.bundle.ui-testing";
		};
/* End PBXNativeTarget section */

/* Begin PBXProject section */
		E638050220901B7F00BB8B90 /* Project object */ = {
			isa = PBXProject;
			attributes = {
				LastSwiftUpdateCheck = 0920;
				LastUpgradeCheck = 0920;
				ORGANIZATIONNAME = "Sachin Kanishka";
				TargetAttributes = {
					E638050920901B7F00BB8B90 = {
						CreatedOnToolsVersion = 9.2;
						ProvisioningStyle = Automatic;
					};
					E638051D20901B7F00BB8B90 = {
						CreatedOnToolsVersion = 9.2;
						ProvisioningStyle = Automatic;
						TestTargetID = E638050920901B7F00BB8B90;
					};
					E638052820901B7F00BB8B90 = {
						CreatedOnToolsVersion = 9.2;
						ProvisioningStyle = Automatic;
						TestTargetID = E638050920901B7F00BB8B90;
					};
				};
			};
			buildConfigurationList = E638050520901B7F00BB8B90 /* Build configuration list for PBXProject "Contacts" */;
			compatibilityVersion = "Xcode 8.0";
			developmentRegion = en;
			hasScannedForEncodings = 0;
			knownRegions = (
				en,
				Base,
			);
			mainGroup = E638050120901B7F00BB8B90;
			productRefGroup = E638050B20901B7F00BB8B90 /* Products */;
			projectDirPath = "";
			projectRoot = "";
			targets = (
				E638050920901B7F00BB8B90 /* Contacts */,
				E638051D20901B7F00BB8B90 /* ContactsTests */,
				E638052820901B7F00BB8B90 /* ContactsUITests */,
			);
		};
/* End PBXProject section */

/* Begin PBXResourcesBuildPhase section */
		E638050820901B7F00BB8B90 /* Resources */ = {
			isa = PBXResourcesBuildPhase;
			buildActionMask = 2147483647;
			files = (
				E638051820901B7F00BB8B90 /* LaunchScreen.storyboard in Resources */,
				E638051520901B7F00BB8B90 /* Assets.xcassets in Resources */,
				E638051320901B7F00BB8B90 /* Main.storyboard in Resources */,
			);
			runOnlyForDeploymentPostprocessing = 0;
		};
		E638051C20901B7F00BB8B90 /* Resources */ = {
			isa = PBXResourcesBuildPhase;
			buildActionMask = 2147483647;
			files = (
			);
			runOnlyForDeploymentPostprocessing = 0;
		};
		E638052720901B7F00BB8B90 /* Resources */ = {
			isa = PBXResourcesBuildPhase;
			buildActionMask = 2147483647;
			files = (
			);
			runOnlyForDeploymentPostprocessing = 0;
		};
/* End PBXResourcesBuildPhase section */

/* Begin PBXSourcesBuildPhase section */
		E638050620901B7F00BB8B90 /* Sources */ = {
			isa = PBXSourcesBuildPhase;
			buildActionMask = 2147483647;
			files = (
				E638051020901B7F00BB8B90 /* ViewController.swift in Sources */,
				E638050E20901B7F00BB8B90 /* AppDelegate.swift in Sources */,
			);
			runOnlyForDeploymentPostprocessing = 0;
		};
		E638051A20901B7F00BB8B90 /* Sources */ = {
			isa = PBXSourcesBuildPhase;
			buildActionMask = 2147483647;
			files = (
				E638052320901B7F00BB8B90 /* ContactsTests.swift in Sources */,
			);
			runOnlyForDeploymentPostprocessing = 0;
		};
		E638052520901B7F00BB8B90 /* Sources */ = {
			isa = PBXSourcesBuildPhase;
			buildActionMask = 2147483647;
			files = (
				E638052E20901B7F00BB8B90 /* ContactsUITests.swift in Sources */,
			);
			runOnlyForDeploymentPostprocessing = 0;
		};
/* End PBXSourcesBuildPhase section */

/* Begin PBXTargetDependency section */
		E638052020901B7F00BB8B90 /* PBXTargetDependency */ = {
			isa = PBXTargetDependency;
			target = E638050920901B7F00BB8B90 /* Contacts */;
			targetProxy = E638051F20901B7F00BB8B90 /* PBXContainerItemProxy */;
		};
		E638052B20901B7F00BB8B90 /* PBXTargetDependency */ = {
			isa = PBXTargetDependency;
			target = E638050920901B7F00BB8B90 /* Contacts */;
			targetProxy = E638052A20901B7F00BB8B90 /* PBXContainerItemProxy */;
		};
/* End PBXTargetDependency section */

/* Begin PBXVariantGroup section */
		E638051120901B7F00BB8B90 /* Main.storyboard */ = {
			isa = PBXVariantGroup;
			children = (
				E638051220901B7F00BB8B90 /* Base */,
			);
			name = Main.storyboard;
			sourceTree = "<group>";
		};
		E638051620901B7F00BB8B90 /* LaunchScreen.storyboard */ = {
			isa = PBXVariantGroup;
			children = (
				E638051720901B7F00BB8B90 /* Base */,
			);
			name = LaunchScreen.storyboard;
			sourceTree = "<group>";
		};
/* End PBXVariantGroup section */

/* Begin XCBuildConfiguration section */
		E638053020901B7F00BB8B90 /* Debug */ = {
			isa = XCBuildConfiguration;
			buildSettings = {
				ALWAYS_SEARCH_USER_PATHS = NO;
				CLANG_ANALYZER_NONNULL = YES;
				CLANG_ANALYZER_NUMBER_OBJECT_CONVERSION = YES_AGGRESSIVE;
				CLANG_CXX_LANGUAGE_STANDARD = "gnu++14";
				CLANG_CXX_LIBRARY = "libc++";
				CLANG_ENABLE_MODULES = YES;
				CLANG_ENABLE_OBJC_ARC = YES;
				CLANG_WARN_BLOCK_CAPTURE_AUTORELEASING = YES;
				CLANG_WARN_BOOL_CONVERSION = YES;
				CLANG_WARN_COMMA = YES;
				CLANG_WARN_CONSTANT_CONVERSION = YES;
				CLANG_WARN_DIRECT_OBJC_ISA_USAGE = YES_ERROR;
				CLANG_WARN_DOCUMENTATION_COMMENTS = YES;
				CLANG_WARN_EMPTY_BODY = YES;
				CLANG_WARN_ENUM_CONVERSION = YES;
				CLANG_WARN_INFINITE_RECURSION = YES;
				CLANG_WARN_INT_CONVERSION = YES;
				CLANG_WARN_NON_LITERAL_NULL_CONVERSION = YES;
				CLANG_WARN_OBJC_LITERAL_CONVERSION = YES;
				CLANG_WARN_OBJC_ROOT_CLASS = YES_ERROR;
				CLANG_WARN_RANGE_LOOP_ANALYSIS = YES;
				CLANG_WARN_STRICT_PROTOTYPES = YES;
				CLANG_WARN_SUSPICIOUS_MOVE = YES;
				CLANG_WARN_UNGUARDED_AVAILABILITY = YES_AGGRESSIVE;
				CLANG_WARN_UNREACHABLE_CODE = YES;
				CLANG_WARN__DUPLICATE_METHOD_MATCH = YES;
				CODE_SIGN_IDENTITY = "iPhone Developer";
				COPY_PHASE_STRIP = NO;
				DEBUG_INFORMATION_FORMAT = dwarf;
				ENABLE_STRICT_OBJC_MSGSEND = YES;
				ENABLE_TESTABILITY = YES;
				GCC_C_LANGUAGE_STANDARD = gnu11;
				GCC_DYNAMIC_NO_PIC = NO;
				GCC_NO_COMMON_BLOCKS = YES;
				GCC_OPTIMIZATION_LEVEL = 0;
				GCC_PREPROCESSOR_DEFINITIONS = (
					"DEBUG=1",
					"$(inherited)",
				);
				GCC_WARN_64_TO_32_BIT_CONVERSION = YES;
				GCC_WARN_ABOUT_RETURN_TYPE = YES_ERROR;
				GCC_WARN_UNDECLARED_SELECTOR = YES;
				GCC_WARN_UNINITIALIZED_AUTOS = YES_AGGRESSIVE;
				GCC_WARN_UNUSED_FUNCTION = YES;
				GCC_WARN_UNUSED_VARIABLE = YES;
				IPHONEOS_DEPLOYMENT_TARGET = 11.2;
				MTL_ENABLE_DEBUG_INFO = YES;
				ONLY_ACTIVE_ARCH = YES;
				SDKROOT = iphoneos;
				SWIFT_ACTIVE_COMPILATION_CONDITIONS = DEBUG;
				SWIFT_OPTIMIZATION_LEVEL = "-Onone";
			};
			name = Debug;
		};
		E638053120901B7F00BB8B90 /* Release */ = {
			isa = XCBuildConfiguration;
			buildSettings = {
				ALWAYS_SEARCH_USER_PATHS = NO;
				CLANG_ANALYZER_NONNULL = YES;
				CLANG_ANALYZER_NUMBER_OBJECT_CONVERSION = YES_AGGRESSIVE;
				CLANG_CXX_LANGUAGE_STANDARD = "gnu++14";
				CLANG_CXX_LIBRARY = "libc++";
				CLANG_ENABLE_MODULES = YES;
				CLANG_ENABLE_OBJC_ARC = YES;
				CLANG_WARN_BLOCK_CAPTURE_AUTORELEASING = YES;
				CLANG_WARN_BOOL_CONVERSION = YES;
				CLANG_WARN_COMMA = YES;
				CLANG_WARN_CONSTANT_CONVERSION = YES;
				CLANG_WARN_DIRECT_OBJC_ISA_USAGE = YES_ERROR;
				CLANG_WARN_DOCUMENTATION_COMMENTS = YES;
				CLANG_WARN_EMPTY_BODY = YES;
				CLANG_WARN_ENUM_CONVERSION = YES;
				CLANG_WARN_INFINITE_RECURSION = YES;
				CLANG_WARN_INT_CONVERSION = YES;
				CLANG_WARN_NON_LITERAL_NULL_CONVERSION = YES;
				CLANG_WARN_OBJC_LITERAL_CONVERSION = YES;
				CLANG_WARN_OBJC_ROOT_CLASS = YES_ERROR;
				CLANG_WARN_RANGE_LOOP_ANALYSIS = YES;
				CLANG_WARN_STRICT_PROTOTYPES = YES;
				CLANG_WARN_SUSPICIOUS_MOVE = YES;
				CLANG_WARN_UNGUARDED_AVAILABILITY = YES_AGGRESSIVE;
				CLANG_WARN_UNREACHABLE_CODE = YES;
				CLANG_WARN__DUPLICATE_METHOD_MATCH = YES;
				CODE_SIGN_IDENTITY = "iPhone Developer";
				COPY_PHASE_STRIP = NO;
				DEBUG_INFORMATION_FORMAT = "dwarf-with-dsym";
				ENABLE_NS_ASSERTIONS = NO;
				ENABLE_STRICT_OBJC_MSGSEND = YES;
				GCC_C_LANGUAGE_STANDARD = gnu11;
				GCC_NO_COMMON_BLOCKS = YES;
				GCC_WARN_64_TO_32_BIT_CONVERSION = YES;
				GCC_WARN_ABOUT_RETURN_TYPE = YES_ERROR;
				GCC_WARN_UNDECLARED_SELECTOR = YES;
				GCC_WARN_UNINITIALIZED_AUTOS = YES_AGGRESSIVE;
				GCC_WARN_UNUSED_FUNCTION = YES;
				GCC_WARN_UNUSED_VARIABLE = YES;
				IPHONEOS_DEPLOYMENT_TARGET = 11.2;
				MTL_ENABLE_DEBUG_INFO = NO;
				SDKROOT = iphoneos;
				SWIFT_OPTIMIZATION_LEVEL = "-Owholemodule";
				VALIDATE_PRODUCT = YES;
			};
			name = Release;
		};
		E638053320901B7F00BB8B90 /* Debug */ = {
			isa = XCBuildConfiguration;
			buildSettings = {
				ASSETCATALOG_COMPILER_APPICON_NAME = AppIcon;
				CODE_SIGN_STYLE = Automatic;
				INFOPLIST_FILE = Contacts/Info.plist;
				LD_RUNPATH_SEARCH_PATHS = "$(inherited) @executable_path/Frameworks";
				PRODUCT_BUNDLE_IDENTIFIER = com.mycompany.Contacts;
				PRODUCT_NAME = "$(TARGET_NAME)";
				SWIFT_VERSION = 4.0;
				TARGETED_DEVICE_FAMILY = "1,2";
			};
			name = Debug;
		};
		E638053420901B7F00BB8B90 /* Release */ = {
			isa = XCBuildConfiguration;
			buildSettings = {
				ASSETCATALOG_COMPILER_APPICON_NAME = AppIcon;
				CODE_SIGN_STYLE = Automatic;
				INFOPLIST_FILE = Contacts/Info.plist;
				LD_RUNPATH_SEARCH_PATHS = "$(inherited) @executable_path/Frameworks";
				PRODUCT_BUNDLE_IDENTIFIER = com.mycompany.Contacts;
				PRODUCT_NAME = "$(TARGET_NAME)";
				SWIFT_VERSION = 4.0;
				TARGETED_DEVICE_FAMILY = "1,2";
			};
			name = Release;
		};
		E638053620901B7F00BB8B90 /* Debug */ = {
			isa = XCBuildConfiguration;
			buildSettings = {
				ALWAYS_EMBED_SWIFT_STANDARD_LIBRARIES = YES;
				BUNDLE_LOADER = "$(TEST_HOST)";
				CODE_SIGN_STYLE = Automatic;
				INFOPLIST_FILE = ContactsTests/Info.plist;
				LD_RUNPATH_SEARCH_PATHS = "$(inherited) @executable_path/Frameworks @loader_path/Frameworks";
				PRODUCT_BUNDLE_IDENTIFIER = com.mycompany.ContactsTests;
				PRODUCT_NAME = "$(TARGET_NAME)";
				SWIFT_VERSION = 4.0;
				TARGETED_DEVICE_FAMILY = "1,2";
				TEST_HOST = "$(BUILT_PRODUCTS_DIR)/Contacts.app/Contacts";
			};
			name = Debug;
		};
		E638053720901B7F00BB8B90 /* Release */ = {
			isa = XCBuildConfiguration;
			buildSettings = {
				ALWAYS_EMBED_SWIFT_STANDARD_LIBRARIES = YES;
				BUNDLE_LOADER = "$(TEST_HOST)";
				CODE_SIGN_STYLE = Automatic;
				INFOPLIST_FILE = ContactsTests/Info.plist;
				LD_RUNPATH_SEARCH_PATHS = "$(inherited) @executable_path/Frameworks @loader_path/Frameworks";
				PRODUCT_BUNDLE_IDENTIFIER = com.mycompany.ContactsTests;
				PRODUCT_NAME = "$(TARGET_NAME)";
				SWIFT_VERSION = 4.0;
				TARGETED_DEVICE_FAMILY = "1,2";
				TEST_HOST = "$(BUILT_PRODUCTS_DIR)/Contacts.app/Contacts";
			};
			name = Release;
		};
		E638053920901B7F00BB8B90 /* Debug */ = {
			isa = XCBuildConfiguration;
			buildSettings = {
				ALWAYS_EMBED_SWIFT_STANDARD_LIBRARIES = YES;
				CODE_SIGN_STYLE = Automatic;
				INFOPLIST_FILE = ContactsUITests/Info.plist;
				LD_RUNPATH_SEARCH_PATHS = "$(inherited) @executable_path/Frameworks @loader_path/Frameworks";
				PRODUCT_BUNDLE_IDENTIFIER = com.mycompany.ContactsUITests;
				PRODUCT_NAME = "$(TARGET_NAME)";
				SWIFT_VERSION = 4.0;
				TARGETED_DEVICE_FAMILY = "1,2";
				TEST_TARGET_NAME = Contacts;
			};
			name = Debug;
		};
		E638053A20901B7F00BB8B90 /* Release */ = {
			isa = XCBuildConfiguration;
			buildSettings = {
				ALWAYS_EMBED_SWIFT_STANDARD_LIBRARIES = YES;
				CODE_SIGN_STYLE = Automatic;
				INFOPLIST_FILE = ContactsUITests/Info.plist;
				LD_RUNPATH_SEARCH_PATHS = "$(inherited) @executable_path/Frameworks @loader_path/Frameworks";
				PRODUCT_BUNDLE_IDENTIFIER = com.mycompany.ContactsUITests;
				PRODUCT_NAME = "$(TARGET_NAME)";
				SWIFT_VERSION = 4.0;
				TARGETED_DEVICE_FAMILY = "1,2";
				TEST_TARGET_NAME = Contacts;
			};
			name = Release;
		};
/* End XCBuildConfiguration section */

/* Begin XCConfigurationList section */
		E638050520901B7F00BB8B90 /* Build configuration list for PBXProject "Contacts" */ = {
			isa = XCConfigurationList;
			buildConfigurations = (
				E638053020901B7F00BB8B90 /* Debug */,
				E638053120901B7F00BB8B90 /* Release */,
			);
			defaultConfigurationIsVisible = 0;
			defaultConfigurationName = Release;
		};
		E638053220901B7F00BB8B90 /* Build configuration list for PBXNativeTarget "Contacts" */ = {
			isa = XCConfigurationList;
			buildConfigurations = (
				E638053320901B7F00BB8B90 /* Debug */,
				E638053420901B7F00BB8B90 /* Release */,
			);
			defaultConfigurationIsVisible = 0;
			defaultConfigurationName = Release;
		};
		E638053520901B7F00BB8B90 /* Build configuration list for PBXNativeTarget "ContactsTests" */ = {
			isa = XCConfigurationList;
			buildConfigurations = (
				E638053620901B7F00BB8B90 /* Debug */,
				E638053720901B7F00BB8B90 /* Release */,
			);
			defaultConfigurationIsVisible = 0;
			defaultConfigurationName = Release;
		};
		E638053820901B7F00BB8B90 /* Build configuration list for PBXNativeTarget "ContactsUITests" */ = {
			isa = XCConfigurationList;
			buildConfigurations = (
				E638053920901B7F00BB8B90 /* Debug */,
				E638053A20901B7F00BB8B90 /* Release */,
			);
			defaultConfigurationIsVisible = 0;
			defaultConfigurationName = Release;
		};
/* End XCConfigurationList section */
	};
	rootObject = E638050220901B7F00BB8B90 /* Project object */;
}
